
Microsoft Visual Studio Solution File, Format Version 12.00
# Visual Studio Version 16
VisualStudioVersion = 16.0.30907.101
MinimumVisualStudioVersion = 10.0.40219.1
Project("{9A19103F-16F7-4668-BE54-9A1E7A4F7556}") = "Business", "Business\Business.csproj", "{F9B3EC9C-1264-49FE-BC29-B27550225864}"
EndProject
Project("{9A19103F-16F7-4668-BE54-9A1E7A4F7556}") = "DataAccess", "DataAccess\DataAccess.csproj", "{03063A5B-F484-46E2-B534-649FFCF45A8B}"
EndProject
Project("{9A19103F-16F7-4668-BE54-9A1E7A4F7556}") = "Entities", "Entities\Entities.csproj", "{13CDAEC3-8D36-4291-9883-CED3227032BA}"
EndProject
Project("{9A19103F-16F7-4668-BE54-9A1E7A4F7556}") = "WebApi", "WebApi\WebApi.csproj", "{8F453D04-6621-4683-9CD6-84804BA81913}"
EndProject
Project("{9A19103F-16F7-4668-BE54-9A1E7A4F7556}") = "Core1", "Core1\Core1.csproj", "{D97692C4-EAD5-4A72-806F-1440AC22D39A}"
EndProject
Global
	GlobalSection(SolutionConfigurationPlatforms) = preSolution
		Debug|Any CPU = Debug|Any CPU
		Release|Any CPU = Release|Any CPU
	EndGlobalSection
	GlobalSection(ProjectConfigurationPlatforms) = postSolution
		{F9B3EC9C-1264-49FE-BC29-B27550225864}.Debug|Any CPU.ActiveCfg = Debug|Any CPU
		{F9B3EC9C-1264-49FE-BC29-B27550225864}.Debug|Any CPU.Build.0 = Debug|Any CPU
		{F9B3EC9C-1264-49FE-BC29-B27550225864}.Release|Any CPU.ActiveCfg = Release|Any CPU
		{F9B3EC9C-1264-49FE-BC29-B27550225864}.Release|Any CPU.Build.0 = Release|Any CPU
		{03063A5B-F484-46E2-B534-649FFCF45A8B}.Debug|Any CPU.ActiveCfg = Debug|Any CPU
		{03063A5B-F484-46E2-B534-649FFCF45A8B}.Debug|Any CPU.Build.0 = Debug|Any CPU
		{03063A5B-F484-46E2-B534-649FFCF45A8B}.Release|Any CPU.ActiveCfg = Release|Any CPU
		{03063A5B-F484-46E2-B534-649FFCF45A8B}.Release|Any CPU.Build.0 = Release|Any CPU
		{13CDAEC3-8D36-4291-9883-CED3227032BA}.Debug|Any CPU.ActiveCfg = Debug|Any CPU
		{13CDAEC3-8D36-4291-9883-CED3227032BA}.Debug|Any CPU.Build.0 = Debug|Any CPU
		{13CDAEC3-8D36-4291-9883-CED3227032BA}.Release|Any CPU.ActiveCfg = Release|Any CPU
		{13CDAEC3-8D36-4291-9883-CED3227032BA}.Release|Any CPU.Build.0 = Release|Any CPU
		{8F453D04-6621-4683-9CD6-84804BA81913}.Debug|Any CPU.ActiveCfg = Debug|Any CPU
		{8F453D04-6621-4683-9CD6-84804BA81913}.Debug|Any CPU.Build.0 = Debug|Any CPU
		{8F453D04-6621-4683-9CD6-84804BA81913}.Release|Any CPU.ActiveCfg = Release|Any CPU
		{8F453D04-6621-4683-9CD6-84804BA81913}.Release|Any CPU.Build.0 = Release|Any CPU
		{D97692C4-EAD5-4A72-806F-1440AC22D39A}.Debug|Any CPU.ActiveCfg = Debug|Any CPU
		{D97692C4-EAD5-4A72-806F-1440AC22D39A}.Debug|Any CPU.Build.0 = Debug|Any CPU
		{D97692C4-EAD5-4A72-806F-1440AC22D39A}.Release|Any CPU.ActiveCfg = Release|Any CPU
		{D97692C4-EAD5-4A72-806F-1440AC22D39A}.Release|Any CPU.Build.0 = Release|Any CPU
	EndGlobalSection
	GlobalSection(SolutionProperties) = preSolution
		HideSolutionNode = FALSE
	EndGlobalSection
	GlobalSection(ExtensibilityGlobals) = postSolution
		SolutionGuid = {7C9C7A7C-AEB0-4A74-9217-66F539F708FA}
	EndGlobalSection
EndGlobal
